
Microsoft Visual Studio Solution File, Format Version 12.00
# Visual Studio Version 17
VisualStudioVersion = 17.5.33516.290
MinimumVisualStudioVersion = 10.0.40219.1
Project("{FAE04EC0-301F-11D3-BF4B-00C04F79EFBC}") = "Delegate", "Delegate\Delegate.csproj", "{9096C173-C23E-43CC-8470-F3EB07B6EDFB}"
EndProject
Global
	GlobalSection(SolutionConfigurationPlatforms) = preSolution
		Debug|Any CPU = Debug|Any CPU
		Release|Any CPU = Release|Any CPU
	EndGlobalSection
	GlobalSection(ProjectConfigurationPlatforms) = postSolution
		{9096C173-C23E-43CC-8470-F3EB07B6EDFB}.Debug|Any CPU.ActiveCfg = Debug|Any CPU
		{9096C173-C23E-43CC-8470-F3EB07B6EDFB}.Debug|Any CPU.Build.0 = Debug|Any CPU
		{9096C173-C23E-43CC-8470-F3EB07B6EDFB}.Release|Any CPU.ActiveCfg = Release|Any CPU
		{9096C173-C23E-43CC-8470-F3EB07B6EDFB}.Release|Any CPU.Build.0 = Release|Any CPU
	EndGlobalSection
	GlobalSection(SolutionProperties) = preSolution
		HideSolutionNode = FALSE
	EndGlobalSection
	GlobalSection(ExtensibilityGlobals) = postSolution
		SolutionGuid = {61E882A1-F3A9-4CCD-B2F1-8BB0392470BD}
	EndGlobalSection
EndGlobal
